
Microsoft Visual Studio Solution File, Format Version 12.00
# Visual Studio Version 17
VisualStudioVersion = 17.14.36603.0 d17.14
MinimumVisualStudioVersion = 10.0.40219.1
Project("{FAE04EC0-301F-11D3-BF4B-00C04F79EFBC}") = "MovieQuizAdventure", "MovieQuizAdventure\MovieQuizAdventure.csproj", "{367C8220-420C-496D-95AF-E51EDCA2EDCE}"
EndProject
Global
	GlobalSection(SolutionConfigurationPlatforms) = preSolution
		Debug|Any CPU = Debug|Any CPU
		Release|Any CPU = Release|Any CPU
	EndGlobalSection
	GlobalSection(ProjectConfigurationPlatforms) = postSolution
		{367C8220-420C-496D-95AF-E51EDCA2EDCE}.Debug|Any CPU.ActiveCfg = Debug|Any CPU
		{367C8220-420C-496D-95AF-E51EDCA2EDCE}.Debug|Any CPU.Build.0 = Debug|Any CPU
		{367C8220-420C-496D-95AF-E51EDCA2EDCE}.Release|Any CPU.ActiveCfg = Release|Any CPU
		{367C8220-420C-496D-95AF-E51EDCA2EDCE}.Release|Any CPU.Build.0 = Release|Any CPU
	EndGlobalSection
	GlobalSection(SolutionProperties) = preSolution
		HideSolutionNode = FALSE
	EndGlobalSection
	GlobalSection(ExtensibilityGlobals) = postSolution
		SolutionGuid = {E609D14A-A803-4B52-9E77-64EEAAD56FCE}
	EndGlobalSection
EndGlobal
